
Microsoft Visual Studio Solution File, Format Version 12.00
# Visual Studio Version 16
VisualStudioVersion = 16.0.34729.46
MinimumVisualStudioVersion = 10.0.40219.1
Project("{FAE04EC0-301F-11D3-BF4B-00C04F79EFBC}") = "8.0.7", "8.0.7.csproj", "{C7CB52EC-2017-465D-B2E3-15E490B44FBA}"
EndProject
Global
	GlobalSection(SolutionConfigurationPlatforms) = preSolution
		Debug|Any CPU = Debug|Any CPU
		Release|Any CPU = Release|Any CPU
	EndGlobalSection
	GlobalSection(ProjectConfigurationPlatforms) = postSolution
		{C7CB52EC-2017-465D-B2E3-15E490B44FBA}.Debug|Any CPU.ActiveCfg = Debug|Any CPU
		{C7CB52EC-2017-465D-B2E3-15E490B44FBA}.Debug|Any CPU.Build.0 = Debug|Any CPU
		{C7CB52EC-2017-465D-B2E3-15E490B44FBA}.Release|Any CPU.ActiveCfg = Release|Any CPU
		{C7CB52EC-2017-465D-B2E3-15E490B44FBA}.Release|Any CPU.Build.0 = Release|Any CPU
	EndGlobalSection
	GlobalSection(SolutionProperties) = preSolution
		HideSolutionNode = FALSE
	EndGlobalSection
	GlobalSection(ExtensibilityGlobals) = postSolution
		SolutionGuid = {8EC895FA-11AE-4E63-B5A1-FBDE3B4B0FBE}
	EndGlobalSection
EndGlobal
