
Microsoft Visual Studio Solution File, Format Version 12.00
# Visual Studio Version 17
VisualStudioVersion = 17.9.34728.123
MinimumVisualStudioVersion = 10.0.40219.1
Project("{FAE04EC0-301F-11D3-BF4B-00C04F79EFBC}") = "petro", "petro.csproj", "{0B267269-86E5-409E-8F56-342AB7827252}"
EndProject
Global
	GlobalSection(SolutionConfigurationPlatforms) = preSolution
		Debug|Any CPU = Debug|Any CPU
		Release|Any CPU = Release|Any CPU
	EndGlobalSection
	GlobalSection(ProjectConfigurationPlatforms) = postSolution
		{0B267269-86E5-409E-8F56-342AB7827252}.Debug|Any CPU.ActiveCfg = Debug|Any CPU
		{0B267269-86E5-409E-8F56-342AB7827252}.Debug|Any CPU.Build.0 = Debug|Any CPU
		{0B267269-86E5-409E-8F56-342AB7827252}.Release|Any CPU.ActiveCfg = Release|Any CPU
		{0B267269-86E5-409E-8F56-342AB7827252}.Release|Any CPU.Build.0 = Release|Any CPU
	EndGlobalSection
	GlobalSection(SolutionProperties) = preSolution
		HideSolutionNode = FALSE
	EndGlobalSection
	GlobalSection(ExtensibilityGlobals) = postSolution
		SolutionGuid = {3991E74A-5F52-4E1E-A5AB-9F9716EA6DAE}
	EndGlobalSection
EndGlobal
