
Microsoft Visual Studio Solution File, Format Version 12.00
# Visual Studio Version 16
VisualStudioVersion = 16.0.34729.46
MinimumVisualStudioVersion = 10.0.40219.1
Project("{FAE04EC0-301F-11D3-BF4B-00C04F79EFBC}") = "8.0.5", "8.0.5.csproj", "{A5645F23-C1DC-4B26-9B8D-7C634780FBD0}"
EndProject
Global
	GlobalSection(SolutionConfigurationPlatforms) = preSolution
		Debug|Any CPU = Debug|Any CPU
		Release|Any CPU = Release|Any CPU
	EndGlobalSection
	GlobalSection(ProjectConfigurationPlatforms) = postSolution
		{A5645F23-C1DC-4B26-9B8D-7C634780FBD0}.Debug|Any CPU.ActiveCfg = Debug|Any CPU
		{A5645F23-C1DC-4B26-9B8D-7C634780FBD0}.Debug|Any CPU.Build.0 = Debug|Any CPU
		{A5645F23-C1DC-4B26-9B8D-7C634780FBD0}.Release|Any CPU.ActiveCfg = Release|Any CPU
		{A5645F23-C1DC-4B26-9B8D-7C634780FBD0}.Release|Any CPU.Build.0 = Release|Any CPU
	EndGlobalSection
	GlobalSection(SolutionProperties) = preSolution
		HideSolutionNode = FALSE
	EndGlobalSection
	GlobalSection(ExtensibilityGlobals) = postSolution
		SolutionGuid = {8271FD3C-1199-475D-91B2-23B3D87D9D77}
	EndGlobalSection
EndGlobal
