
Microsoft Visual Studio Solution File, Format Version 12.00
# Visual Studio Version 17
VisualStudioVersion = 17.9.34728.123
MinimumVisualStudioVersion = 10.0.40219.1
Project("{FAE04EC0-301F-11D3-BF4B-00C04F79EFBC}") = "petrikova", "petrikova.csproj", "{E609CC64-B86A-4CC4-89DD-CBEF10F193B9}"
EndProject
Global
	GlobalSection(SolutionConfigurationPlatforms) = preSolution
		Debug|Any CPU = Debug|Any CPU
		Release|Any CPU = Release|Any CPU
	EndGlobalSection
	GlobalSection(ProjectConfigurationPlatforms) = postSolution
		{E609CC64-B86A-4CC4-89DD-CBEF10F193B9}.Debug|Any CPU.ActiveCfg = Debug|Any CPU
		{E609CC64-B86A-4CC4-89DD-CBEF10F193B9}.Debug|Any CPU.Build.0 = Debug|Any CPU
		{E609CC64-B86A-4CC4-89DD-CBEF10F193B9}.Release|Any CPU.ActiveCfg = Release|Any CPU
		{E609CC64-B86A-4CC4-89DD-CBEF10F193B9}.Release|Any CPU.Build.0 = Release|Any CPU
	EndGlobalSection
	GlobalSection(SolutionProperties) = preSolution
		HideSolutionNode = FALSE
	EndGlobalSection
	GlobalSection(ExtensibilityGlobals) = postSolution
		SolutionGuid = {29309559-8E30-42D3-B94A-8809638D6D04}
	EndGlobalSection
EndGlobal
