
Microsoft Visual Studio Solution File, Format Version 12.00
# Visual Studio Version 16
VisualStudioVersion = 16.0.34729.46
MinimumVisualStudioVersion = 10.0.40219.1
Project("{FAE04EC0-301F-11D3-BF4B-00C04F79EFBC}") = "8.0.6", "8.0.6.csproj", "{2A8AB975-D199-4E38-9EF7-4F8788DF91CC}"
EndProject
Global
	GlobalSection(SolutionConfigurationPlatforms) = preSolution
		Debug|Any CPU = Debug|Any CPU
		Release|Any CPU = Release|Any CPU
	EndGlobalSection
	GlobalSection(ProjectConfigurationPlatforms) = postSolution
		{2A8AB975-D199-4E38-9EF7-4F8788DF91CC}.Debug|Any CPU.ActiveCfg = Debug|Any CPU
		{2A8AB975-D199-4E38-9EF7-4F8788DF91CC}.Debug|Any CPU.Build.0 = Debug|Any CPU
		{2A8AB975-D199-4E38-9EF7-4F8788DF91CC}.Release|Any CPU.ActiveCfg = Release|Any CPU
		{2A8AB975-D199-4E38-9EF7-4F8788DF91CC}.Release|Any CPU.Build.0 = Release|Any CPU
	EndGlobalSection
	GlobalSection(SolutionProperties) = preSolution
		HideSolutionNode = FALSE
	EndGlobalSection
	GlobalSection(ExtensibilityGlobals) = postSolution
		SolutionGuid = {C6908914-D3BC-4F09-AA8C-528D581EDCA4}
	EndGlobalSection
EndGlobal
