
Microsoft Visual Studio Solution File, Format Version 12.00
# Visual Studio Version 16
VisualStudioVersion = 16.0.34729.46
MinimumVisualStudioVersion = 10.0.40219.1
Project("{FAE04EC0-301F-11D3-BF4B-00C04F79EFBC}") = "Петрикова Кузьменко", "Петрикова Кузьменко.csproj", "{2B45C0FD-830F-4CC2-A439-7451F7CB98FE}"
EndProject
Global
	GlobalSection(SolutionConfigurationPlatforms) = preSolution
		Debug|Any CPU = Debug|Any CPU
		Release|Any CPU = Release|Any CPU
	EndGlobalSection
	GlobalSection(ProjectConfigurationPlatforms) = postSolution
		{2B45C0FD-830F-4CC2-A439-7451F7CB98FE}.Debug|Any CPU.ActiveCfg = Debug|Any CPU
		{2B45C0FD-830F-4CC2-A439-7451F7CB98FE}.Debug|Any CPU.Build.0 = Debug|Any CPU
		{2B45C0FD-830F-4CC2-A439-7451F7CB98FE}.Release|Any CPU.ActiveCfg = Release|Any CPU
		{2B45C0FD-830F-4CC2-A439-7451F7CB98FE}.Release|Any CPU.Build.0 = Release|Any CPU
	EndGlobalSection
	GlobalSection(SolutionProperties) = preSolution
		HideSolutionNode = FALSE
	EndGlobalSection
	GlobalSection(ExtensibilityGlobals) = postSolution
		SolutionGuid = {E459BC9F-0C46-453C-BD6D-052BAC386349}
	EndGlobalSection
EndGlobal
