
Microsoft Visual Studio Solution File, Format Version 12.00
# Visual Studio Version 17
VisualStudioVersion = 17.9.34728.123
MinimumVisualStudioVersion = 10.0.40219.1
Project("{FAE04EC0-301F-11D3-BF4B-00C04F79EFBC}") = "petro", "petro.csproj", "{06654FBB-9D6A-466E-899F-026A118BBFF9}"
EndProject
Global
	GlobalSection(SolutionConfigurationPlatforms) = preSolution
		Debug|Any CPU = Debug|Any CPU
		Release|Any CPU = Release|Any CPU
	EndGlobalSection
	GlobalSection(ProjectConfigurationPlatforms) = postSolution
		{06654FBB-9D6A-466E-899F-026A118BBFF9}.Debug|Any CPU.ActiveCfg = Debug|Any CPU
		{06654FBB-9D6A-466E-899F-026A118BBFF9}.Debug|Any CPU.Build.0 = Debug|Any CPU
		{06654FBB-9D6A-466E-899F-026A118BBFF9}.Release|Any CPU.ActiveCfg = Release|Any CPU
		{06654FBB-9D6A-466E-899F-026A118BBFF9}.Release|Any CPU.Build.0 = Release|Any CPU
	EndGlobalSection
	GlobalSection(SolutionProperties) = preSolution
		HideSolutionNode = FALSE
	EndGlobalSection
	GlobalSection(ExtensibilityGlobals) = postSolution
		SolutionGuid = {22EF892E-AA7A-4BBF-8A60-6A0DB5F06867}
	EndGlobalSection
EndGlobal
